<?xml version="1.0" encoding="utf-8"?>
<Project ToolsVersion="4.0" xmlns="http://schemas.microsoft.com/developer/msbuild/2003">
  <ItemGroup>
    <Filter Include="Source Files">
      <UniqueIdentifier>{4FC737F1-C7A5-4376-A066-2A32D752A2FF}</UniqueIdentifier>
      <Extensions>cpp;c;cc;cxx;def;odl;idl;hpj;bat;asm;asmx</Extensions>
    </Filter>
    <Filter Include="Header Files">
      <UniqueIdentifier>{93995380-89BD-4b04-88EB-625FBE52EBFB}</UniqueIdentifier>
      <Extensions>h;hpp;hxx;hm;inl;inc;xsd</Extensions>
    </Filter>
    <Filter Include="Resource Files">
      <UniqueIdentifier>{67DA6AB6-F800-4c08-8B7A-83BB121AAD01}</UniqueIdentifier>
      <Extensions>rc;ico;cur;bmp;dlg;rc2;rct;bin;rgs;gif;jpg;jpeg;jpe;resx;tiff;tif;png;wav;mfcribbon-ms</Extensions>
    </Filter>
    <Filter Include="Header Files\engine">
      <UniqueIdentifier>{e13642a1-2f16-43d2-bd26-a6ddca1661cc}</UniqueIdentifier>
    </Filter>
    <Filter Include="Header Files\engine\physics">
      <UniqueIdentifier>{60f33f3d-5633-438f-9954-44d7d4f735a5}</UniqueIdentifier>
    </Filter>
    <Filter Include="Header Files\engine\audio">
      <UniqueIdentifier>{3187ca93-0722-4f6b-8797-94544e6520ab}</UniqueIdentifier>
    </Filter>
    <Filter Include="Header Files\engine\graphics">
      <UniqueIdentifier>{c8aa7533-ae4e-4288-8d05-21ac9cb5b477}</UniqueIdentifier>
    </Filter>
    <Filter Include="Header Files\engine\core">
      <UniqueIdentifier>{40be926c-f523-4e82-9676-c437b4cd3164}</UniqueIdentifier>
    </Filter>
    <Filter Include="Source Files\engine">
      <UniqueIdentifier>{39ad6ee6-c4f4-4b9e-ac25-3c9e963ba3ae}</UniqueIdentifier>
    </Filter>
    <Filter Include="Source Files\engine\audio">
      <UniqueIdentifier>{c9f8fbff-d375-4344-98f9-160bb11a40bc}</UniqueIdentifier>
    </Filter>
    <Filter Include="Source Files\engine\graphics">
      <UniqueIdentifier>{07af8781-a2b1-477c-9a84-46d46a75e413}</UniqueIdentifier>
    </Filter>
    <Filter Include="Source Files\engine\core">
      <UniqueIdentifier>{bfde215f-20de-44da-87ec-b69e5240da3c}</UniqueIdentifier>
    </Filter>
    <Filter Include="Source Files\engine\physics">
      <UniqueIdentifier>{16d82186-bec5-4002-98f9-955c291e01f7}</UniqueIdentifier>
    </Filter>
  </ItemGroup>
  <ItemGroup>
    <ClCompile Include="main.cpp">
      <Filter>Source Files</Filter>
    </ClCompile>
    <ClCompile Include="Ship.cpp">
      <Filter>Source Files</Filter>
    </ClCompile>
    <ClCompile Include="engine\graphics\Mesh.cpp">
      <Filter>Source Files\engine\graphics</Filter>
    </ClCompile>
    <ClCompile Include="engine\graphics\Renderer.cpp">
      <Filter>Source Files\engine\graphics</Filter>
    </ClCompile>
    <ClCompile Include="engine\graphics\RenderObject.cpp">
      <Filter>Source Files\engine\graphics</Filter>
    </ClCompile>
    <ClCompile Include="engine\graphics\Shader.cpp">
      <Filter>Source Files\engine\graphics</Filter>
    </ClCompile>
    <ClCompile Include="engine\core\Entity.cpp">
      <Filter>Source Files\engine\core</Filter>
    </ClCompile>
  </ItemGroup>
  <ItemGroup>
    <ClInclude Include="Ship.h">
      <Filter>Header Files</Filter>
    </ClInclude>
    <ClInclude Include="engine\core\Entity.h">
      <Filter>Header Files\engine\core</Filter>
    </ClInclude>
    <ClInclude Include="engine\graphics\Mesh.h">
      <Filter>Header Files\engine\graphics</Filter>
    </ClInclude>
    <ClInclude Include="engine\graphics\Renderer.h">
      <Filter>Header Files\engine\graphics</Filter>
    </ClInclude>
    <ClInclude Include="engine\graphics\RenderObject.h">
      <Filter>Header Files\engine\graphics</Filter>
    </ClInclude>
    <ClInclude Include="engine\graphics\Shader.h">
      <Filter>Header Files\engine\graphics</Filter>
    </ClInclude>
  </ItemGroup>
</Project>